{
  "name": "letterscript",
  "version": "1.0.0",
  "lockfileVersion": 3,
  "requires": true,
  "packages": {
    "": {
      "name": "letterscript",
      "version": "1.0.0",
      "license": "ISC",
      "dependencies": {
        "word-to-number-node": "^1.0.3"
      }
    },
    "node_modules/bignumber.js": {
      "version": "4.1.0",
      "resolved": "https://registry.npmjs.org/bignumber.js/-/bignumber.js-4.1.0.tgz",
      "integrity": "sha512-eJzYkFYy9L4JzXsbymsFn3p54D+llV27oTQ+ziJG7WFRheJcNZilgVXMG0LoZtlQSKBsJdWtLFqOD0u+U0jZKA==",
      "engines": {
        "node": "*"
      }
    },
    "node_modules/word-to-number-node": {
      "version": "1.0.3",
      "resolved": "https://registry.npmjs.org/word-to-number-node/-/word-to-number-node-1.0.3.tgz",
      "integrity": "sha512-wjiJw298vgcriK2eEODPUhmlBfqkJGGIluM/JjmJPszPSeSOUPjlOW+i//VrZPaLnRmetKbnCKn6s4HfJs/zRg==",
      "dependencies": {
        "bignumber.js": "^4.0.2"
      }
    }
  }
}
